
Microsoft Visual Studio Solution File, Format Version 12.00
# Visual Studio Version 17
VisualStudioVersion = 17.5.33209.295
MinimumVisualStudioVersion = 10.0.40219.1
Project("{9A19103F-16F7-4668-BE54-9A1E7A4F7556}") = "Groffe.Distancias", "Groffe.Distancias.csproj", "{A7402739-15D2-49ED-9829-20B4933A7F19}"
EndProject
Project("{9A19103F-16F7-4668-BE54-9A1E7A4F7556}") = "Groffe.Distancias.Testes", "..\Groffe.Distancias.Testes\Groffe.Distancias.Testes.csproj", "{2CF1281D-83BA-4674-B59E-635264C58D4C}"
EndProject
Global
	GlobalSection(SolutionConfigurationPlatforms) = preSolution
		Debug|Any CPU = Debug|Any CPU
		Release|Any CPU = Release|Any CPU
	EndGlobalSection
	GlobalSection(ProjectConfigurationPlatforms) = postSolution
		{A7402739-15D2-49ED-9829-20B4933A7F19}.Debug|Any CPU.ActiveCfg = Debug|Any CPU
		{A7402739-15D2-49ED-9829-20B4933A7F19}.Debug|Any CPU.Build.0 = Debug|Any CPU
		{A7402739-15D2-49ED-9829-20B4933A7F19}.Release|Any CPU.ActiveCfg = Release|Any CPU
		{A7402739-15D2-49ED-9829-20B4933A7F19}.Release|Any CPU.Build.0 = Release|Any CPU
		{2CF1281D-83BA-4674-B59E-635264C58D4C}.Debug|Any CPU.ActiveCfg = Debug|Any CPU
		{2CF1281D-83BA-4674-B59E-635264C58D4C}.Debug|Any CPU.Build.0 = Debug|Any CPU
		{2CF1281D-83BA-4674-B59E-635264C58D4C}.Release|Any CPU.ActiveCfg = Release|Any CPU
		{2CF1281D-83BA-4674-B59E-635264C58D4C}.Release|Any CPU.Build.0 = Release|Any CPU
	EndGlobalSection
	GlobalSection(SolutionProperties) = preSolution
		HideSolutionNode = FALSE
	EndGlobalSection
	GlobalSection(ExtensibilityGlobals) = postSolution
		SolutionGuid = {1F6F87A0-2176-4CAC-A17B-247AC76A4CDE}
	EndGlobalSection
EndGlobal
